#
# This file is autogenerated by hatch-pip-compile with Python 3.11
#
# - dynaconf
# - sympy
# - typer
#

click==8.1.7
    # via typer
dynaconf==3.2.6
    # via hatch.envs.default
markdown-it-py==3.0.0
    # via rich
mdurl==0.1.2
    # via markdown-it-py
mpmath==1.3.0
    # via sympy
pygments==2.18.0
    # via rich
rich==13.8.1
    # via typer
shellingham==1.5.4
    # via typer
sympy==1.13.3
    # via hatch.envs.default
typer==0.12.5
    # via hatch.envs.default
typing-extensions==4.12.2
    # via typer
