#
# This file is autogenerated by hatch-pip-compile with Python 3.11
#
# - dynaconf
# - pygments
# - pyyaml
# - typer
#

click==8.1.7
    # via typer
dynaconf==3.2.6
    # via hatch.envs.default
markdown-it-py==3.0.0
    # via rich
mdurl==0.1.2
    # via markdown-it-py
pygments==2.18.0
    # via
    #   hatch.envs.default
    #   rich
pyyaml==6.0.2
    # via hatch.envs.default
rich==13.8.1
    # via typer
shellingham==1.5.4
    # via typer
typer==0.12.5
    # via hatch.envs.default
typing-extensions==4.12.2
    # via typer
